
Microsoft Visual Studio Solution File, Format Version 12.00
# Visual Studio Version 17
VisualStudioVersion = 17.3.32929.385
MinimumVisualStudioVersion = 10.0.40219.1
Project("{9A19103F-16F7-4668-BE54-9A1E7A4F7556}") = "Proiect_Medii_de_prodramare", "Proiect_Medii_de_prodramare.csproj", "{FFFC7B46-968B-49C3-A29A-17152CF2D128}"
EndProject
Global
	GlobalSection(SolutionConfigurationPlatforms) = preSolution
		Debug|Any CPU = Debug|Any CPU
		Debug|x64 = Debug|x64
		Debug|x86 = Debug|x86
		Release|Any CPU = Release|Any CPU
		Release|x64 = Release|x64
		Release|x86 = Release|x86
	EndGlobalSection
	GlobalSection(ProjectConfigurationPlatforms) = postSolution
		{FFFC7B46-968B-49C3-A29A-17152CF2D128}.Debug|Any CPU.ActiveCfg = Debug|Any CPU
		{FFFC7B46-968B-49C3-A29A-17152CF2D128}.Debug|Any CPU.Build.0 = Debug|Any CPU
		{FFFC7B46-968B-49C3-A29A-17152CF2D128}.Debug|x64.ActiveCfg = Debug|x64
		{FFFC7B46-968B-49C3-A29A-17152CF2D128}.Debug|x64.Build.0 = Debug|x64
		{FFFC7B46-968B-49C3-A29A-17152CF2D128}.Debug|x86.ActiveCfg = Debug|x86
		{FFFC7B46-968B-49C3-A29A-17152CF2D128}.Debug|x86.Build.0 = Debug|x86
		{FFFC7B46-968B-49C3-A29A-17152CF2D128}.Release|Any CPU.ActiveCfg = Release|Any CPU
		{FFFC7B46-968B-49C3-A29A-17152CF2D128}.Release|Any CPU.Build.0 = Release|Any CPU
		{FFFC7B46-968B-49C3-A29A-17152CF2D128}.Release|x64.ActiveCfg = Release|x64
		{FFFC7B46-968B-49C3-A29A-17152CF2D128}.Release|x64.Build.0 = Release|x64
		{FFFC7B46-968B-49C3-A29A-17152CF2D128}.Release|x86.ActiveCfg = Release|x86
		{FFFC7B46-968B-49C3-A29A-17152CF2D128}.Release|x86.Build.0 = Release|x86
	EndGlobalSection
	GlobalSection(SolutionProperties) = preSolution
		HideSolutionNode = FALSE
	EndGlobalSection
	GlobalSection(ExtensibilityGlobals) = postSolution
		SolutionGuid = {498363DD-EAF4-4B3B-8D08-E5611F9B4F67}
	EndGlobalSection
EndGlobal
